{
  "name": "teach-web",
  "version": "1.0.0",
  "lockfileVersion": 2,
  "requires": true,
  "packages": {
    "": {
      "name": "teach-web",
      "version": "1.0.0",
      "license": "ISC",
      "dependencies": {
        "chugaev-lecture04": "github:m-chugaev/lecture04-lib",
        "spesivtsev": "github:AfordiumSX/lecture4"
      }
    },
    "node_modules/chugaev-lecture04": {
      "version": "1.0.0",
      "resolved": "git+ssh://git@github.com/m-chugaev/lecture04-lib.git#c9f2073ef482592d690933b9b9083b9cf3f72bbc",
      "license": "ISC"
    },
    "node_modules/spesivtsev": {
      "name": "lecture04",
      "version": "1.0.0",
      "resolved": "git+ssh://git@github.com/AfordiumSX/lecture4.git#bfb22adc4eee0239fcc9da149abd3403bb1354e3",
      "license": "ISC"
    }
  },
  "dependencies": {
    "chugaev-lecture04": {
      "version": "git+ssh://git@github.com/m-chugaev/lecture04-lib.git#c9f2073ef482592d690933b9b9083b9cf3f72bbc",
      "from": "chugaev-lecture04@github:m-chugaev/lecture04-lib"
    },
    "spesivtsev": {
      "version": "git+ssh://git@github.com/AfordiumSX/lecture4.git#bfb22adc4eee0239fcc9da149abd3403bb1354e3",
      "from": "spesivtsev@github:AfordiumSX/lecture4"
    }
  }
}
